
Microsoft Visual Studio Solution File, Format Version 12.00
# Visual Studio Version 16
VisualStudioVersion = 16.0.29905.134
MinimumVisualStudioVersion = 10.0.40219.1
Project("{2150E333-8FDC-42A3-9474-1A3956D46DE8}") = "Appraisal", "Appraisal", "{F1A0C0FE-25D3-4375-9A6D-09C116558785}"
EndProject
Project("{9A19103F-16F7-4668-BE54-9A1E7A4F7556}") = "Resourceedge.Appraisal.API", "Resourceedge.Appraisal.API\Resourceedge.Appraisal.API.csproj", "{038FF79C-EDC7-4FF4-83AC-CCD0FDFB52F5}"
EndProject
Project("{2150E333-8FDC-42A3-9474-1A3956D46DE8}") = "Authentication", "Authentication", "{4CA1C01A-F827-4714-89F1-6481E76C0504}"
EndProject
Project("{9A19103F-16F7-4668-BE54-9A1E7A4F7556}") = "Resourceedge.Authentication.Domain", "Resourceedge.Authentication.Domain\Resourceedge.Authentication.Domain.csproj", "{9F9587E9-24E3-413A-8328-98AD5EC3E7BF}"
EndProject
Project("{9A19103F-16F7-4668-BE54-9A1E7A4F7556}") = "Resourceedge.Authentication.API", "Resourceedge.Authentication.API\Resourceedge.Authentication.API.csproj", "{AF14CB18-68CA-44E3-951F-105CDE84DB93}"
EndProject
Project("{2150E333-8FDC-42A3-9474-1A3956D46DE8}") = "Employee", "Employee", "{735A3EA3-1B0C-426F-9918-180BC9EAFE99}"
EndProject
Project("{9A19103F-16F7-4668-BE54-9A1E7A4F7556}") = "Resourceedge.Employee.API", "Resourceedge.Employee.API\Resourceedge.Employee.API.csproj", "{42B12BFE-D257-43F3-8EAA-AB67772D6741}"
EndProject
Project("{9A19103F-16F7-4668-BE54-9A1E7A4F7556}") = "Resourceedge.Employee.Domain", "Resourceedge.Employee.Domain\Resourceedge.Employee.Domain.csproj", "{A994D79A-F2F4-4132-9898-DB3C94FABDC8}"
EndProject
Project("{2150E333-8FDC-42A3-9474-1A3956D46DE8}") = "Common", "Common", "{596E3F0A-3487-4F50-9DC3-871B8DA421C2}"
EndProject
Project("{9A19103F-16F7-4668-BE54-9A1E7A4F7556}") = "Resourceedge.Common", "Resourceedge.Common\Resourceedge.Common.csproj", "{2EAD26E4-48AD-414B-9F66-92737C12A685}"
EndProject
Project("{9A19103F-16F7-4668-BE54-9A1E7A4F7556}") = "Resourceedge.Appraisal.Domain", "Resourceedge.Appraisal.Domain\Resourceedge.Appraisal.Domain.csproj", "{F57219B4-B65A-40FB-9A89-FC121AA04887}"
EndProject
Project("{2150E333-8FDC-42A3-9474-1A3956D46DE8}") = "Solution Items", "Solution Items", "{41B8CB39-8A20-4E93-9426-7D5B8EECACAE}"
	ProjectSection(SolutionItems) = preProject
		Readme.md = Readme.md
	EndProjectSection
EndProject
Project("{9A19103F-16F7-4668-BE54-9A1E7A4F7556}") = "Resourceedge.Employee.Tests", "Resourceedge.Employee.Tests\Resourceedge.Employee.Tests.csproj", "{F25B32EA-0EC6-4563-B67B-E413C72329DA}"
EndProject
Project("{E53339B2-1760-4266-BCC7-CA923CBCF16C}") = "docker-compose", "docker-compose.dcproj", "{BBC6C6A2-84B6-4545-9BEF-C6EA9F33722F}"
EndProject
Project("{2150E333-8FDC-42A3-9474-1A3956D46DE8}") = "src", "src", "{457CFD8C-33B6-429A-8916-16AE221FED8A}"
	ProjectSection(SolutionItems) = preProject
		.dockerignore = .dockerignore
		Resourceedge.Employee.API\Dockerfile = Resourceedge.Employee.API\Dockerfile
	EndProjectSection
EndProject
Project("{9A19103F-16F7-4668-BE54-9A1E7A4F7556}") = "Resourceedge.Email.Api", "Resourceedge.Email.Api\Resourceedge.Email.Api.csproj", "{C80ECD07-84DB-429B-8823-43135A560F0E}"
EndProject
Project("{2150E333-8FDC-42A3-9474-1A3956D46DE8}") = "Email", "Email", "{62BE3F31-BFFE-4F99-8B99-ADCF236D6164}"
EndProject
Global
	GlobalSection(SolutionConfigurationPlatforms) = preSolution
		Debug|Any CPU = Debug|Any CPU
		Release|Any CPU = Release|Any CPU
	EndGlobalSection
	GlobalSection(ProjectConfigurationPlatforms) = postSolution
		{038FF79C-EDC7-4FF4-83AC-CCD0FDFB52F5}.Debug|Any CPU.ActiveCfg = Debug|Any CPU
		{038FF79C-EDC7-4FF4-83AC-CCD0FDFB52F5}.Debug|Any CPU.Build.0 = Debug|Any CPU
		{038FF79C-EDC7-4FF4-83AC-CCD0FDFB52F5}.Release|Any CPU.ActiveCfg = Release|Any CPU
		{038FF79C-EDC7-4FF4-83AC-CCD0FDFB52F5}.Release|Any CPU.Build.0 = Release|Any CPU
		{9F9587E9-24E3-413A-8328-98AD5EC3E7BF}.Debug|Any CPU.ActiveCfg = Debug|Any CPU
		{9F9587E9-24E3-413A-8328-98AD5EC3E7BF}.Debug|Any CPU.Build.0 = Debug|Any CPU
		{9F9587E9-24E3-413A-8328-98AD5EC3E7BF}.Release|Any CPU.ActiveCfg = Release|Any CPU
		{9F9587E9-24E3-413A-8328-98AD5EC3E7BF}.Release|Any CPU.Build.0 = Release|Any CPU
		{AF14CB18-68CA-44E3-951F-105CDE84DB93}.Debug|Any CPU.ActiveCfg = Debug|Any CPU
		{AF14CB18-68CA-44E3-951F-105CDE84DB93}.Debug|Any CPU.Build.0 = Debug|Any CPU
		{AF14CB18-68CA-44E3-951F-105CDE84DB93}.Release|Any CPU.ActiveCfg = Release|Any CPU
		{AF14CB18-68CA-44E3-951F-105CDE84DB93}.Release|Any CPU.Build.0 = Release|Any CPU
		{42B12BFE-D257-43F3-8EAA-AB67772D6741}.Debug|Any CPU.ActiveCfg = Debug|Any CPU
		{42B12BFE-D257-43F3-8EAA-AB67772D6741}.Debug|Any CPU.Build.0 = Debug|Any CPU
		{42B12BFE-D257-43F3-8EAA-AB67772D6741}.Release|Any CPU.ActiveCfg = Release|Any CPU
		{42B12BFE-D257-43F3-8EAA-AB67772D6741}.Release|Any CPU.Build.0 = Release|Any CPU
		{A994D79A-F2F4-4132-9898-DB3C94FABDC8}.Debug|Any CPU.ActiveCfg = Debug|Any CPU
		{A994D79A-F2F4-4132-9898-DB3C94FABDC8}.Debug|Any CPU.Build.0 = Debug|Any CPU
		{A994D79A-F2F4-4132-9898-DB3C94FABDC8}.Release|Any CPU.ActiveCfg = Release|Any CPU
		{A994D79A-F2F4-4132-9898-DB3C94FABDC8}.Release|Any CPU.Build.0 = Release|Any CPU
		{2EAD26E4-48AD-414B-9F66-92737C12A685}.Debug|Any CPU.ActiveCfg = Debug|Any CPU
		{2EAD26E4-48AD-414B-9F66-92737C12A685}.Debug|Any CPU.Build.0 = Debug|Any CPU
		{2EAD26E4-48AD-414B-9F66-92737C12A685}.Release|Any CPU.ActiveCfg = Release|Any CPU
		{2EAD26E4-48AD-414B-9F66-92737C12A685}.Release|Any CPU.Build.0 = Release|Any CPU
		{F57219B4-B65A-40FB-9A89-FC121AA04887}.Debug|Any CPU.ActiveCfg = Debug|Any CPU
		{F57219B4-B65A-40FB-9A89-FC121AA04887}.Debug|Any CPU.Build.0 = Debug|Any CPU
		{F57219B4-B65A-40FB-9A89-FC121AA04887}.Release|Any CPU.ActiveCfg = Release|Any CPU
		{F57219B4-B65A-40FB-9A89-FC121AA04887}.Release|Any CPU.Build.0 = Release|Any CPU
		{F25B32EA-0EC6-4563-B67B-E413C72329DA}.Debug|Any CPU.ActiveCfg = Debug|Any CPU
		{F25B32EA-0EC6-4563-B67B-E413C72329DA}.Debug|Any CPU.Build.0 = Debug|Any CPU
		{F25B32EA-0EC6-4563-B67B-E413C72329DA}.Release|Any CPU.ActiveCfg = Release|Any CPU
		{F25B32EA-0EC6-4563-B67B-E413C72329DA}.Release|Any CPU.Build.0 = Release|Any CPU
		{BBC6C6A2-84B6-4545-9BEF-C6EA9F33722F}.Debug|Any CPU.ActiveCfg = Debug|Any CPU
		{BBC6C6A2-84B6-4545-9BEF-C6EA9F33722F}.Debug|Any CPU.Build.0 = Debug|Any CPU
		{BBC6C6A2-84B6-4545-9BEF-C6EA9F33722F}.Release|Any CPU.ActiveCfg = Release|Any CPU
		{BBC6C6A2-84B6-4545-9BEF-C6EA9F33722F}.Release|Any CPU.Build.0 = Release|Any CPU
		{C80ECD07-84DB-429B-8823-43135A560F0E}.Debug|Any CPU.ActiveCfg = Debug|Any CPU
		{C80ECD07-84DB-429B-8823-43135A560F0E}.Debug|Any CPU.Build.0 = Debug|Any CPU
		{C80ECD07-84DB-429B-8823-43135A560F0E}.Release|Any CPU.ActiveCfg = Release|Any CPU
		{C80ECD07-84DB-429B-8823-43135A560F0E}.Release|Any CPU.Build.0 = Release|Any CPU
	EndGlobalSection
	GlobalSection(SolutionProperties) = preSolution
		HideSolutionNode = FALSE
	EndGlobalSection
	GlobalSection(NestedProjects) = preSolution
		{038FF79C-EDC7-4FF4-83AC-CCD0FDFB52F5} = {F1A0C0FE-25D3-4375-9A6D-09C116558785}
		{9F9587E9-24E3-413A-8328-98AD5EC3E7BF} = {4CA1C01A-F827-4714-89F1-6481E76C0504}
		{AF14CB18-68CA-44E3-951F-105CDE84DB93} = {4CA1C01A-F827-4714-89F1-6481E76C0504}
		{42B12BFE-D257-43F3-8EAA-AB67772D6741} = {735A3EA3-1B0C-426F-9918-180BC9EAFE99}
		{A994D79A-F2F4-4132-9898-DB3C94FABDC8} = {735A3EA3-1B0C-426F-9918-180BC9EAFE99}
		{2EAD26E4-48AD-414B-9F66-92737C12A685} = {596E3F0A-3487-4F50-9DC3-871B8DA421C2}
		{F57219B4-B65A-40FB-9A89-FC121AA04887} = {F1A0C0FE-25D3-4375-9A6D-09C116558785}
		{F25B32EA-0EC6-4563-B67B-E413C72329DA} = {735A3EA3-1B0C-426F-9918-180BC9EAFE99}
		{457CFD8C-33B6-429A-8916-16AE221FED8A} = {735A3EA3-1B0C-426F-9918-180BC9EAFE99}
		{C80ECD07-84DB-429B-8823-43135A560F0E} = {62BE3F31-BFFE-4F99-8B99-ADCF236D6164}
	EndGlobalSection
	GlobalSection(ExtensibilityGlobals) = postSolution
		SolutionGuid = {8D69C74D-FE7D-4C07-AA58-6015158E57DE}
	EndGlobalSection
EndGlobal
